// !$*UTF8*$!
{
	archiveVersion = 1;
	classes = {
	};
	objectVersion = 56;
	objects = {

/* Begin PBXBuildFile section */
		CA62D0302BA0461000AD45D3 /* testrouter.cpp in Sources */ = {isa = PBXBuildFile; fileRef = CA62D02F2BA0461000AD45D3 /* testrouter.cpp */; };
		CA62D0322BA0469500AD45D3 /* router.cpp in Sources */ = {isa = PBXBuildFile; fileRef = CA62D0312BA0469500AD45D3 /* router.cpp */; };
		CA7806552B9DB60800B98FE1 /* main.cpp in Sources */ = {isa = PBXBuildFile; fileRef = CA7806542B9DB60800B98FE1 /* main.cpp */; };
		CA9FA76F2BA18AE500500363 /* tour_generator.cpp in Sources */ = {isa = PBXBuildFile; fileRef = CA9FA76E2BA18AE500500363 /* tour_generator.cpp */; };
		CAE621C12B9E66380061CFCA /* testhashmap.cpp in Sources */ = {isa = PBXBuildFile; fileRef = CAE621C02B9E66380061CFCA /* testhashmap.cpp */; };
		CAE621C72B9E87680061CFCA /* geodb.cpp in Sources */ = {isa = PBXBuildFile; fileRef = CAE621C62B9E87680061CFCA /* geodb.cpp */; };
		CAE621CF2B9FA0800061CFCA /* testgeodb.cpp in Sources */ = {isa = PBXBuildFile; fileRef = CAE621CE2B9FA0800061CFCA /* testgeodb.cpp */; };
/* End PBXBuildFile section */

/* Begin PBXCopyFilesBuildPhase section */
		CA386D432B9B7D09009430E5 /* CopyFiles */ = {
			isa = PBXCopyFilesBuildPhase;
			buildActionMask = 2147483647;
			dstPath = /usr/share/man/man1/;
			dstSubfolderSpec = 0;
			files = (
			);
			runOnlyForDeploymentPostprocessing = 1;
		};
/* End PBXCopyFilesBuildPhase section */

/* Begin PBXFileReference section */
		CA386D452B9B7D09009430E5 /* project_4 */ = {isa = PBXFileReference; explicitFileType = "compiled.mach-o.executable"; includeInIndex = 0; path = project_4; sourceTree = BUILT_PRODUCTS_DIR; };
		CA62D02E2BA045D400AD45D3 /* router.h */ = {isa = PBXFileReference; lastKnownFileType = sourcecode.c.h; path = router.h; sourceTree = "<group>"; };
		CA62D02F2BA0461000AD45D3 /* testrouter.cpp */ = {isa = PBXFileReference; lastKnownFileType = sourcecode.cpp.cpp; path = testrouter.cpp; sourceTree = "<group>"; };
		CA62D0312BA0469500AD45D3 /* router.cpp */ = {isa = PBXFileReference; lastKnownFileType = sourcecode.cpp.cpp; path = router.cpp; sourceTree = "<group>"; };
		CA7806442B9DB3FC00B98FE1 /* HashMap.h */ = {isa = PBXFileReference; fileEncoding = 4; lastKnownFileType = sourcecode.c.h; path = HashMap.h; sourceTree = "<group>"; };
		CA78064F2B9DB60800B98FE1 /* geopoint.h */ = {isa = PBXFileReference; fileEncoding = 4; lastKnownFileType = sourcecode.c.h; path = geopoint.h; sourceTree = "<group>"; };
		CA7806502B9DB60800B98FE1 /* stops.h */ = {isa = PBXFileReference; fileEncoding = 4; lastKnownFileType = sourcecode.c.h; path = stops.h; sourceTree = "<group>"; };
		CA7806512B9DB60800B98FE1 /* tourcmd.h */ = {isa = PBXFileReference; fileEncoding = 4; lastKnownFileType = sourcecode.c.h; path = tourcmd.h; sourceTree = "<group>"; };
		CA7806522B9DB60800B98FE1 /* base_classes.h */ = {isa = PBXFileReference; fileEncoding = 4; lastKnownFileType = sourcecode.c.h; path = base_classes.h; sourceTree = "<group>"; };
		CA7806532B9DB60800B98FE1 /* geotools.h */ = {isa = PBXFileReference; fileEncoding = 4; lastKnownFileType = sourcecode.c.h; path = geotools.h; sourceTree = "<group>"; };
		CA7806542B9DB60800B98FE1 /* main.cpp */ = {isa = PBXFileReference; fileEncoding = 4; lastKnownFileType = sourcecode.cpp.cpp; path = main.cpp; sourceTree = "<group>"; };
		CA9FA76E2BA18AE500500363 /* tour_generator.cpp */ = {isa = PBXFileReference; lastKnownFileType = sourcecode.cpp.cpp; path = tour_generator.cpp; sourceTree = "<group>"; };
		CA9FA7702BA18AF300500363 /* tour_generator.h */ = {isa = PBXFileReference; lastKnownFileType = sourcecode.c.h; path = tour_generator.h; sourceTree = "<group>"; };
		CA9FA7712BA1AF8200500363 /* stops.txt */ = {isa = PBXFileReference; fileEncoding = 4; lastKnownFileType = text; name = stops.txt; path = project_4/provided/stops.txt; sourceTree = SOURCE_ROOT; };
		CAE621C02B9E66380061CFCA /* testhashmap.cpp */ = {isa = PBXFileReference; lastKnownFileType = sourcecode.cpp.cpp; path = testhashmap.cpp; sourceTree = "<group>"; };
		CAE621C22B9E76050061CFCA /* geodb.h */ = {isa = PBXFileReference; lastKnownFileType = sourcecode.c.h; path = geodb.h; sourceTree = "<group>"; };
		CAE621C62B9E87680061CFCA /* geodb.cpp */ = {isa = PBXFileReference; lastKnownFileType = sourcecode.cpp.cpp; path = geodb.cpp; sourceTree = "<group>"; };
		CAE621C82B9E93CB0061CFCA /* mapdata.txt */ = {isa = PBXFileReference; fileEncoding = 4; lastKnownFileType = text; path = mapdata.txt; sourceTree = "<group>"; };
		CAE621CE2B9FA0800061CFCA /* testgeodb.cpp */ = {isa = PBXFileReference; lastKnownFileType = sourcecode.cpp.cpp; path = testgeodb.cpp; sourceTree = "<group>"; };
/* End PBXFileReference section */

/* Begin PBXFrameworksBuildPhase section */
		CA386D422B9B7D09009430E5 /* Frameworks */ = {
			isa = PBXFrameworksBuildPhase;
			buildActionMask = 2147483647;
			files = (
			);
			runOnlyForDeploymentPostprocessing = 0;
		};
/* End PBXFrameworksBuildPhase section */

/* Begin PBXGroup section */
		CA386D3C2B9B7D09009430E5 = {
			isa = PBXGroup;
			children = (
				CA386D472B9B7D09009430E5 /* project_4 */,
				CA386D462B9B7D09009430E5 /* Products */,
			);
			sourceTree = "<group>";
		};
		CA386D462B9B7D09009430E5 /* Products */ = {
			isa = PBXGroup;
			children = (
				CA386D452B9B7D09009430E5 /* project_4 */,
			);
			name = Products;
			sourceTree = "<group>";
		};
		CA386D472B9B7D09009430E5 /* project_4 */ = {
			isa = PBXGroup;
			children = (
				CAE621BF2B9E66190061CFCA /* test */,
				CA78064E2B9DB60800B98FE1 /* provided */,
				CA386D552B9B7F81009430E5 /* turnins */,
			);
			path = project_4;
			sourceTree = "<group>";
		};
		CA386D552B9B7F81009430E5 /* turnins */ = {
			isa = PBXGroup;
			children = (
				CA7806442B9DB3FC00B98FE1 /* HashMap.h */,
				CAE621C22B9E76050061CFCA /* geodb.h */,
				CAE621C62B9E87680061CFCA /* geodb.cpp */,
				CA62D02E2BA045D400AD45D3 /* router.h */,
				CA62D0312BA0469500AD45D3 /* router.cpp */,
				CA9FA7702BA18AF300500363 /* tour_generator.h */,
				CA9FA76E2BA18AE500500363 /* tour_generator.cpp */,
			);
			path = turnins;
			sourceTree = "<group>";
		};
		CA78064E2B9DB60800B98FE1 /* provided */ = {
			isa = PBXGroup;
			children = (
				CA78064F2B9DB60800B98FE1 /* geopoint.h */,
				CA7806502B9DB60800B98FE1 /* stops.h */,
				CA7806512B9DB60800B98FE1 /* tourcmd.h */,
				CA7806522B9DB60800B98FE1 /* base_classes.h */,
				CA7806532B9DB60800B98FE1 /* geotools.h */,
			);
			path = provided;
			sourceTree = "<group>";
		};
		CAE621BF2B9E66190061CFCA /* test */ = {
			isa = PBXGroup;
			children = (
				CAE621C02B9E66380061CFCA /* testhashmap.cpp */,
				CAE621CE2B9FA0800061CFCA /* testgeodb.cpp */,
				CA62D02F2BA0461000AD45D3 /* testrouter.cpp */,
				CA7806542B9DB60800B98FE1 /* main.cpp */,
				CA9FA7712BA1AF8200500363 /* stops.txt */,
				CAE621C82B9E93CB0061CFCA /* mapdata.txt */,
			);
			path = test;
			sourceTree = "<group>";
		};
/* End PBXGroup section */

/* Begin PBXNativeTarget section */
		CA386D442B9B7D09009430E5 /* project_4 */ = {
			isa = PBXNativeTarget;
			buildConfigurationList = CA386D4C2B9B7D09009430E5 /* Build configuration list for PBXNativeTarget "project_4" */;
			buildPhases = (
				CA386D412B9B7D09009430E5 /* Sources */,
				CA386D422B9B7D09009430E5 /* Frameworks */,
				CA386D432B9B7D09009430E5 /* CopyFiles */,
			);
			buildRules = (
			);
			dependencies = (
			);
			name = project_4;
			productName = project_4;
			productReference = CA386D452B9B7D09009430E5 /* project_4 */;
			productType = "com.apple.product-type.tool";
		};
/* End PBXNativeTarget section */

/* Begin PBXProject section */
		CA386D3D2B9B7D09009430E5 /* Project object */ = {
			isa = PBXProject;
			attributes = {
				BuildIndependentTargetsInParallel = 1;
				LastUpgradeCheck = 1500;
				TargetAttributes = {
					CA386D442B9B7D09009430E5 = {
						CreatedOnToolsVersion = 15.0;
					};
				};
			};
			buildConfigurationList = CA386D402B9B7D09009430E5 /* Build configuration list for PBXProject "project_4" */;
			compatibilityVersion = "Xcode 14.0";
			developmentRegion = en;
			hasScannedForEncodings = 0;
			knownRegions = (
				en,
				Base,
			);
			mainGroup = CA386D3C2B9B7D09009430E5;
			productRefGroup = CA386D462B9B7D09009430E5 /* Products */;
			projectDirPath = "";
			projectRoot = "";
			targets = (
				CA386D442B9B7D09009430E5 /* project_4 */,
			);
		};
/* End PBXProject section */

/* Begin PBXSourcesBuildPhase section */
		CA386D412B9B7D09009430E5 /* Sources */ = {
			isa = PBXSourcesBuildPhase;
			buildActionMask = 2147483647;
			files = (
				CAE621C12B9E66380061CFCA /* testhashmap.cpp in Sources */,
				CA9FA76F2BA18AE500500363 /* tour_generator.cpp in Sources */,
				CAE621C72B9E87680061CFCA /* geodb.cpp in Sources */,
				CA7806552B9DB60800B98FE1 /* main.cpp in Sources */,
				CAE621CF2B9FA0800061CFCA /* testgeodb.cpp in Sources */,
				CA62D0322BA0469500AD45D3 /* router.cpp in Sources */,
				CA62D0302BA0461000AD45D3 /* testrouter.cpp in Sources */,
			);
			runOnlyForDeploymentPostprocessing = 0;
		};
/* End PBXSourcesBuildPhase section */

/* Begin XCBuildConfiguration section */
		CA386D4A2B9B7D09009430E5 /* Debug */ = {
			isa = XCBuildConfiguration;
			buildSettings = {
				ALWAYS_SEARCH_USER_PATHS = NO;
				ASSETCATALOG_COMPILER_GENERATE_SWIFT_ASSET_SYMBOL_EXTENSIONS = YES;
				CLANG_ANALYZER_NONNULL = YES;
				CLANG_ANALYZER_NUMBER_OBJECT_CONVERSION = YES_AGGRESSIVE;
				CLANG_CXX_LANGUAGE_STANDARD = "gnu++20";
				CLANG_ENABLE_MODULES = YES;
				CLANG_ENABLE_OBJC_ARC = YES;
				CLANG_ENABLE_OBJC_WEAK = YES;
				CLANG_WARN_BLOCK_CAPTURE_AUTORELEASING = YES;
				CLANG_WARN_BOOL_CONVERSION = YES;
				CLANG_WARN_COMMA = YES;
				CLANG_WARN_CONSTANT_CONVERSION = YES;
				CLANG_WARN_DEPRECATED_OBJC_IMPLEMENTATIONS = YES;
				CLANG_WARN_DIRECT_OBJC_ISA_USAGE = YES_ERROR;
				CLANG_WARN_DOCUMENTATION_COMMENTS = YES;
				CLANG_WARN_EMPTY_BODY = YES;
				CLANG_WARN_ENUM_CONVERSION = YES;
				CLANG_WARN_INFINITE_RECURSION = YES;
				CLANG_WARN_INT_CONVERSION = YES;
				CLANG_WARN_NON_LITERAL_NULL_CONVERSION = YES;
				CLANG_WARN_OBJC_IMPLICIT_RETAIN_SELF = YES;
				CLANG_WARN_OBJC_LITERAL_CONVERSION = YES;
				CLANG_WARN_OBJC_ROOT_CLASS = YES_ERROR;
				CLANG_WARN_QUOTED_INCLUDE_IN_FRAMEWORK_HEADER = YES;
				CLANG_WARN_RANGE_LOOP_ANALYSIS = YES;
				CLANG_WARN_STRICT_PROTOTYPES = YES;
				CLANG_WARN_SUSPICIOUS_MOVE = YES;
				CLANG_WARN_UNGUARDED_AVAILABILITY = YES_AGGRESSIVE;
				CLANG_WARN_UNREACHABLE_CODE = YES;
				CLANG_WARN__DUPLICATE_METHOD_MATCH = YES;
				COPY_PHASE_STRIP = NO;
				DEBUG_INFORMATION_FORMAT = dwarf;
				ENABLE_STRICT_OBJC_MSGSEND = YES;
				ENABLE_TESTABILITY = YES;
				ENABLE_USER_SCRIPT_SANDBOXING = YES;
				GCC_C_LANGUAGE_STANDARD = gnu17;
				GCC_DYNAMIC_NO_PIC = NO;
				GCC_NO_COMMON_BLOCKS = YES;
				GCC_OPTIMIZATION_LEVEL = 0;
				GCC_PREPROCESSOR_DEFINITIONS = (
					"DEBUG=1",
					"$(inherited)",
				);
				GCC_WARN_64_TO_32_BIT_CONVERSION = YES;
				GCC_WARN_ABOUT_RETURN_TYPE = YES_ERROR;
				GCC_WARN_UNDECLARED_SELECTOR = YES;
				GCC_WARN_UNINITIALIZED_AUTOS = YES_AGGRESSIVE;
				GCC_WARN_UNUSED_FUNCTION = YES;
				GCC_WARN_UNUSED_VARIABLE = YES;
				LOCALIZATION_PREFERS_STRING_CATALOGS = YES;
				MACOSX_DEPLOYMENT_TARGET = 14.0;
				MTL_ENABLE_DEBUG_INFO = INCLUDE_SOURCE;
				MTL_FAST_MATH = YES;
				ONLY_ACTIVE_ARCH = YES;
				SDKROOT = macosx;
			};
			name = Debug;
		};
		CA386D4B2B9B7D09009430E5 /* Release */ = {
			isa = XCBuildConfiguration;
			buildSettings = {
				ALWAYS_SEARCH_USER_PATHS = NO;
				ASSETCATALOG_COMPILER_GENERATE_SWIFT_ASSET_SYMBOL_EXTENSIONS = YES;
				CLANG_ANALYZER_NONNULL = YES;
				CLANG_ANALYZER_NUMBER_OBJECT_CONVERSION = YES_AGGRESSIVE;
				CLANG_CXX_LANGUAGE_STANDARD = "gnu++20";
				CLANG_ENABLE_MODULES = YES;
				CLANG_ENABLE_OBJC_ARC = YES;
				CLANG_ENABLE_OBJC_WEAK = YES;
				CLANG_WARN_BLOCK_CAPTURE_AUTORELEASING = YES;
				CLANG_WARN_BOOL_CONVERSION = YES;
				CLANG_WARN_COMMA = YES;
				CLANG_WARN_CONSTANT_CONVERSION = YES;
				CLANG_WARN_DEPRECATED_OBJC_IMPLEMENTATIONS = YES;
				CLANG_WARN_DIRECT_OBJC_ISA_USAGE = YES_ERROR;
				CLANG_WARN_DOCUMENTATION_COMMENTS = YES;
				CLANG_WARN_EMPTY_BODY = YES;
				CLANG_WARN_ENUM_CONVERSION = YES;
				CLANG_WARN_INFINITE_RECURSION = YES;
				CLANG_WARN_INT_CONVERSION = YES;
				CLANG_WARN_NON_LITERAL_NULL_CONVERSION = YES;
				CLANG_WARN_OBJC_IMPLICIT_RETAIN_SELF = YES;
				CLANG_WARN_OBJC_LITERAL_CONVERSION = YES;
				CLANG_WARN_OBJC_ROOT_CLASS = YES_ERROR;
				CLANG_WARN_QUOTED_INCLUDE_IN_FRAMEWORK_HEADER = YES;
				CLANG_WARN_RANGE_LOOP_ANALYSIS = YES;
				CLANG_WARN_STRICT_PROTOTYPES = YES;
				CLANG_WARN_SUSPICIOUS_MOVE = YES;
				CLANG_WARN_UNGUARDED_AVAILABILITY = YES_AGGRESSIVE;
				CLANG_WARN_UNREACHABLE_CODE = YES;
				CLANG_WARN__DUPLICATE_METHOD_MATCH = YES;
				COPY_PHASE_STRIP = NO;
				DEBUG_INFORMATION_FORMAT = "dwarf-with-dsym";
				ENABLE_NS_ASSERTIONS = NO;
				ENABLE_STRICT_OBJC_MSGSEND = YES;
				ENABLE_USER_SCRIPT_SANDBOXING = YES;
				GCC_C_LANGUAGE_STANDARD = gnu17;
				GCC_NO_COMMON_BLOCKS = YES;
				GCC_WARN_64_TO_32_BIT_CONVERSION = YES;
				GCC_WARN_ABOUT_RETURN_TYPE = YES_ERROR;
				GCC_WARN_UNDECLARED_SELECTOR = YES;
				GCC_WARN_UNINITIALIZED_AUTOS = YES_AGGRESSIVE;
				GCC_WARN_UNUSED_FUNCTION = YES;
				GCC_WARN_UNUSED_VARIABLE = YES;
				LOCALIZATION_PREFERS_STRING_CATALOGS = YES;
				MACOSX_DEPLOYMENT_TARGET = 14.0;
				MTL_ENABLE_DEBUG_INFO = NO;
				MTL_FAST_MATH = YES;
				SDKROOT = macosx;
			};
			name = Release;
		};
		CA386D4D2B9B7D09009430E5 /* Debug */ = {
			isa = XCBuildConfiguration;
			buildSettings = {
				CODE_SIGN_STYLE = Automatic;
				PRODUCT_NAME = "$(TARGET_NAME)";
			};
			name = Debug;
		};
		CA386D4E2B9B7D09009430E5 /* Release */ = {
			isa = XCBuildConfiguration;
			buildSettings = {
				CODE_SIGN_STYLE = Automatic;
				PRODUCT_NAME = "$(TARGET_NAME)";
			};
			name = Release;
		};
/* End XCBuildConfiguration section */

/* Begin XCConfigurationList section */
		CA386D402B9B7D09009430E5 /* Build configuration list for PBXProject "project_4" */ = {
			isa = XCConfigurationList;
			buildConfigurations = (
				CA386D4A2B9B7D09009430E5 /* Debug */,
				CA386D4B2B9B7D09009430E5 /* Release */,
			);
			defaultConfigurationIsVisible = 0;
			defaultConfigurationName = Release;
		};
		CA386D4C2B9B7D09009430E5 /* Build configuration list for PBXNativeTarget "project_4" */ = {
			isa = XCConfigurationList;
			buildConfigurations = (
				CA386D4D2B9B7D09009430E5 /* Debug */,
				CA386D4E2B9B7D09009430E5 /* Release */,
			);
			defaultConfigurationIsVisible = 0;
			defaultConfigurationName = Release;
		};
/* End XCConfigurationList section */
	};
	rootObject = CA386D3D2B9B7D09009430E5 /* Project object */;
}
