// !$*UTF8*$!
{
	archiveVersion = 1;
	classes = {
	};
	objectVersion = 56;
	objects = {

/* Begin PBXBuildFile section */
		CA5D1EAE2B57B1FB00158C7B /* City.cpp in Sources */ = {isa = PBXBuildFile; fileRef = CA5D1EA32B57B1FB00158C7B /* City.cpp */; };
		CA5D1EBF2B57B2B100158C7B /* Tooter.cpp in Sources */ = {isa = PBXBuildFile; fileRef = CA5D1EB32B57B2B100158C7B /* Tooter.cpp */; };
		CA5D1EC02B57B2B100158C7B /* Player.cpp in Sources */ = {isa = PBXBuildFile; fileRef = CA5D1EB62B57B2B100158C7B /* Player.cpp */; };
		CA5D1EC12B57B2B100158C7B /* utilities.cpp in Sources */ = {isa = PBXBuildFile; fileRef = CA5D1EB72B57B2B100158C7B /* utilities.cpp */; };
		CA5D1EC22B57B2B100158C7B /* main.cpp in Sources */ = {isa = PBXBuildFile; fileRef = CA5D1EB82B57B2B100158C7B /* main.cpp */; };
		CA5D1EC32B57B2B100158C7B /* Game.cpp in Sources */ = {isa = PBXBuildFile; fileRef = CA5D1EB92B57B2B100158C7B /* Game.cpp */; };
		CA5D1EC42B57B2B100158C7B /* History.cpp in Sources */ = {isa = PBXBuildFile; fileRef = CA5D1EBD2B57B2B100158C7B /* History.cpp */; };
/* End PBXBuildFile section */

/* Begin PBXCopyFilesBuildPhase section */
		CA17237E2B4E38E700021CBD /* CopyFiles */ = {
			isa = PBXCopyFilesBuildPhase;
			buildActionMask = 2147483647;
			dstPath = /usr/share/man/man1/;
			dstSubfolderSpec = 0;
			files = (
			);
			runOnlyForDeploymentPostprocessing = 1;
		};
/* End PBXCopyFilesBuildPhase section */

/* Begin PBXFileReference section */
		CA1723802B4E38E700021CBD /* project_1 */ = {isa = PBXFileReference; explicitFileType = "compiled.mach-o.executable"; includeInIndex = 0; path = project_1; sourceTree = BUILT_PRODUCTS_DIR; };
		CA5D1EA32B57B1FB00158C7B /* City.cpp */ = {isa = PBXFileReference; fileEncoding = 4; lastKnownFileType = sourcecode.cpp.cpp; name = City.cpp; path = project_1/City.cpp; sourceTree = "<group>"; };
		CA5D1EB32B57B2B100158C7B /* Tooter.cpp */ = {isa = PBXFileReference; fileEncoding = 4; lastKnownFileType = sourcecode.cpp.cpp; name = Tooter.cpp; path = project_1/Tooter.cpp; sourceTree = "<group>"; };
		CA5D1EB42B57B2B100158C7B /* Tooter.h */ = {isa = PBXFileReference; fileEncoding = 4; lastKnownFileType = sourcecode.c.h; name = Tooter.h; path = project_1/Tooter.h; sourceTree = "<group>"; };
		CA5D1EB52B57B2B100158C7B /* globals.h */ = {isa = PBXFileReference; fileEncoding = 4; lastKnownFileType = sourcecode.c.h; name = globals.h; path = project_1/globals.h; sourceTree = "<group>"; };
		CA5D1EB62B57B2B100158C7B /* Player.cpp */ = {isa = PBXFileReference; fileEncoding = 4; lastKnownFileType = sourcecode.cpp.cpp; name = Player.cpp; path = project_1/Player.cpp; sourceTree = "<group>"; };
		CA5D1EB72B57B2B100158C7B /* utilities.cpp */ = {isa = PBXFileReference; fileEncoding = 4; lastKnownFileType = sourcecode.cpp.cpp; name = utilities.cpp; path = project_1/utilities.cpp; sourceTree = "<group>"; };
		CA5D1EB82B57B2B100158C7B /* main.cpp */ = {isa = PBXFileReference; fileEncoding = 4; lastKnownFileType = sourcecode.cpp.cpp; name = main.cpp; path = project_1/main.cpp; sourceTree = "<group>"; };
		CA5D1EB92B57B2B100158C7B /* Game.cpp */ = {isa = PBXFileReference; fileEncoding = 4; lastKnownFileType = sourcecode.cpp.cpp; name = Game.cpp; path = project_1/Game.cpp; sourceTree = "<group>"; };
		CA5D1EBA2B57B2B100158C7B /* City.h */ = {isa = PBXFileReference; fileEncoding = 4; lastKnownFileType = sourcecode.c.h; name = City.h; path = project_1/City.h; sourceTree = "<group>"; };
		CA5D1EBB2B57B2B100158C7B /* Game.h */ = {isa = PBXFileReference; fileEncoding = 4; lastKnownFileType = sourcecode.c.h; name = Game.h; path = project_1/Game.h; sourceTree = "<group>"; };
		CA5D1EBC2B57B2B100158C7B /* History.h */ = {isa = PBXFileReference; fileEncoding = 4; lastKnownFileType = sourcecode.c.h; name = History.h; path = project_1/History.h; sourceTree = "<group>"; };
		CA5D1EBD2B57B2B100158C7B /* History.cpp */ = {isa = PBXFileReference; fileEncoding = 4; lastKnownFileType = sourcecode.cpp.cpp; name = History.cpp; path = project_1/History.cpp; sourceTree = "<group>"; };
		CA5D1EBE2B57B2B100158C7B /* Player.h */ = {isa = PBXFileReference; fileEncoding = 4; lastKnownFileType = sourcecode.c.h; name = Player.h; path = project_1/Player.h; sourceTree = "<group>"; };
/* End PBXFileReference section */

/* Begin PBXFrameworksBuildPhase section */
		CA17237D2B4E38E700021CBD /* Frameworks */ = {
			isa = PBXFrameworksBuildPhase;
			buildActionMask = 2147483647;
			files = (
			);
			runOnlyForDeploymentPostprocessing = 0;
		};
/* End PBXFrameworksBuildPhase section */

/* Begin PBXGroup section */
		CA1723772B4E38E700021CBD = {
			isa = PBXGroup;
			children = (
				CA5D1EA32B57B1FB00158C7B /* City.cpp */,
				CA5D1EBA2B57B2B100158C7B /* City.h */,
				CA5D1EB92B57B2B100158C7B /* Game.cpp */,
				CA5D1EBB2B57B2B100158C7B /* Game.h */,
				CA5D1EB52B57B2B100158C7B /* globals.h */,
				CA5D1EBD2B57B2B100158C7B /* History.cpp */,
				CA5D1EBC2B57B2B100158C7B /* History.h */,
				CA5D1EB82B57B2B100158C7B /* main.cpp */,
				CA5D1EB62B57B2B100158C7B /* Player.cpp */,
				CA5D1EBE2B57B2B100158C7B /* Player.h */,
				CA5D1EB32B57B2B100158C7B /* Tooter.cpp */,
				CA5D1EB42B57B2B100158C7B /* Tooter.h */,
				CA5D1EB72B57B2B100158C7B /* utilities.cpp */,
				CA1723812B4E38E700021CBD /* Products */,
			);
			sourceTree = "<group>";
		};
		CA1723812B4E38E700021CBD /* Products */ = {
			isa = PBXGroup;
			children = (
				CA1723802B4E38E700021CBD /* project_1 */,
			);
			name = Products;
			sourceTree = "<group>";
		};
/* End PBXGroup section */

/* Begin PBXNativeTarget section */
		CA17237F2B4E38E700021CBD /* project_1 */ = {
			isa = PBXNativeTarget;
			buildConfigurationList = CA1723872B4E38E700021CBD /* Build configuration list for PBXNativeTarget "project_1" */;
			buildPhases = (
				CA17237C2B4E38E700021CBD /* Sources */,
				CA17237D2B4E38E700021CBD /* Frameworks */,
				CA17237E2B4E38E700021CBD /* CopyFiles */,
			);
			buildRules = (
			);
			dependencies = (
			);
			name = project_1;
			productName = project_1;
			productReference = CA1723802B4E38E700021CBD /* project_1 */;
			productType = "com.apple.product-type.tool";
		};
/* End PBXNativeTarget section */

/* Begin PBXProject section */
		CA1723782B4E38E700021CBD /* Project object */ = {
			isa = PBXProject;
			attributes = {
				BuildIndependentTargetsInParallel = 1;
				LastUpgradeCheck = 1500;
				TargetAttributes = {
					CA17237F2B4E38E700021CBD = {
						CreatedOnToolsVersion = 15.0;
					};
				};
			};
			buildConfigurationList = CA17237B2B4E38E700021CBD /* Build configuration list for PBXProject "project_1" */;
			compatibilityVersion = "Xcode 14.0";
			developmentRegion = en;
			hasScannedForEncodings = 0;
			knownRegions = (
				en,
				Base,
			);
			mainGroup = CA1723772B4E38E700021CBD;
			productRefGroup = CA1723812B4E38E700021CBD /* Products */;
			projectDirPath = "";
			projectRoot = "";
			targets = (
				CA17237F2B4E38E700021CBD /* project_1 */,
			);
		};
/* End PBXProject section */

/* Begin PBXSourcesBuildPhase section */
		CA17237C2B4E38E700021CBD /* Sources */ = {
			isa = PBXSourcesBuildPhase;
			buildActionMask = 2147483647;
			files = (
				CA5D1EBF2B57B2B100158C7B /* Tooter.cpp in Sources */,
				CA5D1EAE2B57B1FB00158C7B /* City.cpp in Sources */,
				CA5D1EC12B57B2B100158C7B /* utilities.cpp in Sources */,
				CA5D1EC32B57B2B100158C7B /* Game.cpp in Sources */,
				CA5D1EC22B57B2B100158C7B /* main.cpp in Sources */,
				CA5D1EC02B57B2B100158C7B /* Player.cpp in Sources */,
				CA5D1EC42B57B2B100158C7B /* History.cpp in Sources */,
			);
			runOnlyForDeploymentPostprocessing = 0;
		};
/* End PBXSourcesBuildPhase section */

/* Begin XCBuildConfiguration section */
		CA1723852B4E38E700021CBD /* Debug */ = {
			isa = XCBuildConfiguration;
			buildSettings = {
				ALWAYS_SEARCH_USER_PATHS = NO;
				ASSETCATALOG_COMPILER_GENERATE_SWIFT_ASSET_SYMBOL_EXTENSIONS = YES;
				CLANG_ANALYZER_NONNULL = YES;
				CLANG_ANALYZER_NUMBER_OBJECT_CONVERSION = YES_AGGRESSIVE;
				CLANG_CXX_LANGUAGE_STANDARD = "gnu++20";
				CLANG_ENABLE_MODULES = YES;
				CLANG_ENABLE_OBJC_ARC = YES;
				CLANG_ENABLE_OBJC_WEAK = YES;
				CLANG_WARN_BLOCK_CAPTURE_AUTORELEASING = YES;
				CLANG_WARN_BOOL_CONVERSION = YES;
				CLANG_WARN_COMMA = YES;
				CLANG_WARN_CONSTANT_CONVERSION = YES;
				CLANG_WARN_DEPRECATED_OBJC_IMPLEMENTATIONS = YES;
				CLANG_WARN_DIRECT_OBJC_ISA_USAGE = YES_ERROR;
				CLANG_WARN_DOCUMENTATION_COMMENTS = YES;
				CLANG_WARN_EMPTY_BODY = YES;
				CLANG_WARN_ENUM_CONVERSION = YES;
				CLANG_WARN_INFINITE_RECURSION = YES;
				CLANG_WARN_INT_CONVERSION = YES;
				CLANG_WARN_NON_LITERAL_NULL_CONVERSION = YES;
				CLANG_WARN_OBJC_IMPLICIT_RETAIN_SELF = YES;
				CLANG_WARN_OBJC_LITERAL_CONVERSION = YES;
				CLANG_WARN_OBJC_ROOT_CLASS = YES_ERROR;
				CLANG_WARN_QUOTED_INCLUDE_IN_FRAMEWORK_HEADER = YES;
				CLANG_WARN_RANGE_LOOP_ANALYSIS = YES;
				CLANG_WARN_STRICT_PROTOTYPES = YES;
				CLANG_WARN_SUSPICIOUS_MOVE = YES;
				CLANG_WARN_UNGUARDED_AVAILABILITY = YES_AGGRESSIVE;
				CLANG_WARN_UNREACHABLE_CODE = YES;
				CLANG_WARN__DUPLICATE_METHOD_MATCH = YES;
				COPY_PHASE_STRIP = NO;
				DEBUG_INFORMATION_FORMAT = dwarf;
				ENABLE_STRICT_OBJC_MSGSEND = YES;
				ENABLE_TESTABILITY = YES;
				ENABLE_USER_SCRIPT_SANDBOXING = YES;
				GCC_C_LANGUAGE_STANDARD = gnu17;
				GCC_DYNAMIC_NO_PIC = NO;
				GCC_NO_COMMON_BLOCKS = YES;
				GCC_OPTIMIZATION_LEVEL = 0;
				GCC_PREPROCESSOR_DEFINITIONS = (
					"DEBUG=1",
					"$(inherited)",
				);
				GCC_WARN_64_TO_32_BIT_CONVERSION = YES;
				GCC_WARN_ABOUT_RETURN_TYPE = YES_ERROR;
				GCC_WARN_UNDECLARED_SELECTOR = YES;
				GCC_WARN_UNINITIALIZED_AUTOS = YES_AGGRESSIVE;
				GCC_WARN_UNUSED_FUNCTION = YES;
				GCC_WARN_UNUSED_VARIABLE = YES;
				LOCALIZATION_PREFERS_STRING_CATALOGS = YES;
				MACOSX_DEPLOYMENT_TARGET = 14.0;
				MTL_ENABLE_DEBUG_INFO = INCLUDE_SOURCE;
				MTL_FAST_MATH = YES;
				ONLY_ACTIVE_ARCH = YES;
				SDKROOT = macosx;
			};
			name = Debug;
		};
		CA1723862B4E38E700021CBD /* Release */ = {
			isa = XCBuildConfiguration;
			buildSettings = {
				ALWAYS_SEARCH_USER_PATHS = NO;
				ASSETCATALOG_COMPILER_GENERATE_SWIFT_ASSET_SYMBOL_EXTENSIONS = YES;
				CLANG_ANALYZER_NONNULL = YES;
				CLANG_ANALYZER_NUMBER_OBJECT_CONVERSION = YES_AGGRESSIVE;
				CLANG_CXX_LANGUAGE_STANDARD = "gnu++20";
				CLANG_ENABLE_MODULES = YES;
				CLANG_ENABLE_OBJC_ARC = YES;
				CLANG_ENABLE_OBJC_WEAK = YES;
				CLANG_WARN_BLOCK_CAPTURE_AUTORELEASING = YES;
				CLANG_WARN_BOOL_CONVERSION = YES;
				CLANG_WARN_COMMA = YES;
				CLANG_WARN_CONSTANT_CONVERSION = YES;
				CLANG_WARN_DEPRECATED_OBJC_IMPLEMENTATIONS = YES;
				CLANG_WARN_DIRECT_OBJC_ISA_USAGE = YES_ERROR;
				CLANG_WARN_DOCUMENTATION_COMMENTS = YES;
				CLANG_WARN_EMPTY_BODY = YES;
				CLANG_WARN_ENUM_CONVERSION = YES;
				CLANG_WARN_INFINITE_RECURSION = YES;
				CLANG_WARN_INT_CONVERSION = YES;
				CLANG_WARN_NON_LITERAL_NULL_CONVERSION = YES;
				CLANG_WARN_OBJC_IMPLICIT_RETAIN_SELF = YES;
				CLANG_WARN_OBJC_LITERAL_CONVERSION = YES;
				CLANG_WARN_OBJC_ROOT_CLASS = YES_ERROR;
				CLANG_WARN_QUOTED_INCLUDE_IN_FRAMEWORK_HEADER = YES;
				CLANG_WARN_RANGE_LOOP_ANALYSIS = YES;
				CLANG_WARN_STRICT_PROTOTYPES = YES;
				CLANG_WARN_SUSPICIOUS_MOVE = YES;
				CLANG_WARN_UNGUARDED_AVAILABILITY = YES_AGGRESSIVE;
				CLANG_WARN_UNREACHABLE_CODE = YES;
				CLANG_WARN__DUPLICATE_METHOD_MATCH = YES;
				COPY_PHASE_STRIP = NO;
				DEBUG_INFORMATION_FORMAT = "dwarf-with-dsym";
				ENABLE_NS_ASSERTIONS = NO;
				ENABLE_STRICT_OBJC_MSGSEND = YES;
				ENABLE_USER_SCRIPT_SANDBOXING = YES;
				GCC_C_LANGUAGE_STANDARD = gnu17;
				GCC_NO_COMMON_BLOCKS = YES;
				GCC_WARN_64_TO_32_BIT_CONVERSION = YES;
				GCC_WARN_ABOUT_RETURN_TYPE = YES_ERROR;
				GCC_WARN_UNDECLARED_SELECTOR = YES;
				GCC_WARN_UNINITIALIZED_AUTOS = YES_AGGRESSIVE;
				GCC_WARN_UNUSED_FUNCTION = YES;
				GCC_WARN_UNUSED_VARIABLE = YES;
				LOCALIZATION_PREFERS_STRING_CATALOGS = YES;
				MACOSX_DEPLOYMENT_TARGET = 14.0;
				MTL_ENABLE_DEBUG_INFO = NO;
				MTL_FAST_MATH = YES;
				SDKROOT = macosx;
			};
			name = Release;
		};
		CA1723882B4E38E700021CBD /* Debug */ = {
			isa = XCBuildConfiguration;
			buildSettings = {
				CODE_SIGN_STYLE = Automatic;
				PRODUCT_NAME = "$(TARGET_NAME)";
			};
			name = Debug;
		};
		CA1723892B4E38E700021CBD /* Release */ = {
			isa = XCBuildConfiguration;
			buildSettings = {
				CODE_SIGN_STYLE = Automatic;
				PRODUCT_NAME = "$(TARGET_NAME)";
			};
			name = Release;
		};
/* End XCBuildConfiguration section */

/* Begin XCConfigurationList section */
		CA17237B2B4E38E700021CBD /* Build configuration list for PBXProject "project_1" */ = {
			isa = XCConfigurationList;
			buildConfigurations = (
				CA1723852B4E38E700021CBD /* Debug */,
				CA1723862B4E38E700021CBD /* Release */,
			);
			defaultConfigurationIsVisible = 0;
			defaultConfigurationName = Release;
		};
		CA1723872B4E38E700021CBD /* Build configuration list for PBXNativeTarget "project_1" */ = {
			isa = XCConfigurationList;
			buildConfigurations = (
				CA1723882B4E38E700021CBD /* Debug */,
				CA1723892B4E38E700021CBD /* Release */,
			);
			defaultConfigurationIsVisible = 0;
			defaultConfigurationName = Release;
		};
/* End XCConfigurationList section */
	};
	rootObject = CA1723782B4E38E700021CBD /* Project object */;
}
